
Microsoft Visual Studio Solution File, Format Version 12.00
# Visual Studio Version 17
VisualStudioVersion = 17.5.33530.505
MinimumVisualStudioVersion = 10.0.40219.1
Project("{FAE04EC0-301F-11D3-BF4B-00C04F79EFBC}") = "WebApplication1", "WebApplication1\WebApplication1.csproj", "{5108CF17-7633-4427-A4C1-BC7F3484372A}"
EndProject
Global
	GlobalSection(SolutionConfigurationPlatforms) = preSolution
		Debug|Any CPU = Debug|Any CPU
		Release|Any CPU = Release|Any CPU
	EndGlobalSection
	GlobalSection(ProjectConfigurationPlatforms) = postSolution
		{5108CF17-7633-4427-A4C1-BC7F3484372A}.Debug|Any CPU.ActiveCfg = Debug|Any CPU
		{5108CF17-7633-4427-A4C1-BC7F3484372A}.Debug|Any CPU.Build.0 = Debug|Any CPU
		{5108CF17-7633-4427-A4C1-BC7F3484372A}.Release|Any CPU.ActiveCfg = Release|Any CPU
		{5108CF17-7633-4427-A4C1-BC7F3484372A}.Release|Any CPU.Build.0 = Release|Any CPU
	EndGlobalSection
	GlobalSection(SolutionProperties) = preSolution
		HideSolutionNode = FALSE
	EndGlobalSection
	GlobalSection(ExtensibilityGlobals) = postSolution
		SolutionGuid = {608417EF-5FB3-4EF2-B405-17480BB34EAA}
	EndGlobalSection
EndGlobal
