
Microsoft Visual Studio Solution File, Format Version 12.00
# Visual Studio Version 17
VisualStudioVersion = 17.5.33502.453
MinimumVisualStudioVersion = 10.0.40219.1
Project("{FAE04EC0-301F-11D3-BF4B-00C04F79EFBC}") = "day9", "day9\day9.csproj", "{A04AF45E-D363-4DAA-BB48-A792E832A28A}"
EndProject
Global
	GlobalSection(SolutionConfigurationPlatforms) = preSolution
		Debug|Any CPU = Debug|Any CPU
		Release|Any CPU = Release|Any CPU
	EndGlobalSection
	GlobalSection(ProjectConfigurationPlatforms) = postSolution
		{A04AF45E-D363-4DAA-BB48-A792E832A28A}.Debug|Any CPU.ActiveCfg = Debug|Any CPU
		{A04AF45E-D363-4DAA-BB48-A792E832A28A}.Debug|Any CPU.Build.0 = Debug|Any CPU
		{A04AF45E-D363-4DAA-BB48-A792E832A28A}.Release|Any CPU.ActiveCfg = Release|Any CPU
		{A04AF45E-D363-4DAA-BB48-A792E832A28A}.Release|Any CPU.Build.0 = Release|Any CPU
	EndGlobalSection
	GlobalSection(SolutionProperties) = preSolution
		HideSolutionNode = FALSE
	EndGlobalSection
	GlobalSection(ExtensibilityGlobals) = postSolution
		SolutionGuid = {A70DD6E6-59AB-4DEC-B810-A55E0B8909D8}
	EndGlobalSection
EndGlobal
