
Microsoft Visual Studio Solution File, Format Version 12.00
# Visual Studio Version 17
VisualStudioVersion = 17.4.33213.308
MinimumVisualStudioVersion = 10.0.40219.1
Project("{FAE04EC0-301F-11D3-BF4B-00C04F79EFBC}") = "StrategyDP", "StrategyDP\StrategyDP.csproj", "{B5C53F9D-30CA-407F-9EB0-05752BA06F55}"
EndProject
Project("{FAE04EC0-301F-11D3-BF4B-00C04F79EFBC}") = "DecoratorDP", "DecoratorDP\DecoratorDP.csproj", "{AA722B2D-FE61-4F51-B6CE-B3C16CC0808B}"
EndProject
Project("{FAE04EC0-301F-11D3-BF4B-00C04F79EFBC}") = "BuilderDP", "BuilderDP\BuilderDP.csproj", "{140A14B9-59D8-4DF6-81B0-7315546CC9A8}"
EndProject
Project("{FAE04EC0-301F-11D3-BF4B-00C04F79EFBC}") = "Observer", "Observer\Observer.csproj", "{E2E800E1-D37C-4530-9793-82C0B6989E6D}"
EndProject
Project("{FAE04EC0-301F-11D3-BF4B-00C04F79EFBC}") = "DelegatesandEvents", "DelegatesandEvents\DelegatesandEvents.csproj", "{AFB2B920-4436-457F-9861-79F0DB847947}"
EndProject
Global
	GlobalSection(SolutionConfigurationPlatforms) = preSolution
		Debug|Any CPU = Debug|Any CPU
		Release|Any CPU = Release|Any CPU
	EndGlobalSection
	GlobalSection(ProjectConfigurationPlatforms) = postSolution
		{B5C53F9D-30CA-407F-9EB0-05752BA06F55}.Debug|Any CPU.ActiveCfg = Debug|Any CPU
		{B5C53F9D-30CA-407F-9EB0-05752BA06F55}.Debug|Any CPU.Build.0 = Debug|Any CPU
		{B5C53F9D-30CA-407F-9EB0-05752BA06F55}.Release|Any CPU.ActiveCfg = Release|Any CPU
		{B5C53F9D-30CA-407F-9EB0-05752BA06F55}.Release|Any CPU.Build.0 = Release|Any CPU
		{AA722B2D-FE61-4F51-B6CE-B3C16CC0808B}.Debug|Any CPU.ActiveCfg = Debug|Any CPU
		{AA722B2D-FE61-4F51-B6CE-B3C16CC0808B}.Debug|Any CPU.Build.0 = Debug|Any CPU
		{AA722B2D-FE61-4F51-B6CE-B3C16CC0808B}.Release|Any CPU.ActiveCfg = Release|Any CPU
		{AA722B2D-FE61-4F51-B6CE-B3C16CC0808B}.Release|Any CPU.Build.0 = Release|Any CPU
		{140A14B9-59D8-4DF6-81B0-7315546CC9A8}.Debug|Any CPU.ActiveCfg = Debug|Any CPU
		{140A14B9-59D8-4DF6-81B0-7315546CC9A8}.Debug|Any CPU.Build.0 = Debug|Any CPU
		{140A14B9-59D8-4DF6-81B0-7315546CC9A8}.Release|Any CPU.ActiveCfg = Release|Any CPU
		{140A14B9-59D8-4DF6-81B0-7315546CC9A8}.Release|Any CPU.Build.0 = Release|Any CPU
		{E2E800E1-D37C-4530-9793-82C0B6989E6D}.Debug|Any CPU.ActiveCfg = Debug|Any CPU
		{E2E800E1-D37C-4530-9793-82C0B6989E6D}.Debug|Any CPU.Build.0 = Debug|Any CPU
		{E2E800E1-D37C-4530-9793-82C0B6989E6D}.Release|Any CPU.ActiveCfg = Release|Any CPU
		{E2E800E1-D37C-4530-9793-82C0B6989E6D}.Release|Any CPU.Build.0 = Release|Any CPU
		{AFB2B920-4436-457F-9861-79F0DB847947}.Debug|Any CPU.ActiveCfg = Debug|Any CPU
		{AFB2B920-4436-457F-9861-79F0DB847947}.Debug|Any CPU.Build.0 = Debug|Any CPU
		{AFB2B920-4436-457F-9861-79F0DB847947}.Release|Any CPU.ActiveCfg = Release|Any CPU
		{AFB2B920-4436-457F-9861-79F0DB847947}.Release|Any CPU.Build.0 = Release|Any CPU
	EndGlobalSection
	GlobalSection(SolutionProperties) = preSolution
		HideSolutionNode = FALSE
	EndGlobalSection
	GlobalSection(ExtensibilityGlobals) = postSolution
		SolutionGuid = {45F8223B-8E0B-4774-B247-C66347F2CB05}
	EndGlobalSection
EndGlobal
